{
  "name": "yana-web",
  "version": "0.1.0",
  "lockfileVersion": 3,
  "requires": true,
  "packages": {
    "": {
      "name": "yana-web",
      "version": "0.1.0",
      "engines": {
        "node": ">=18"
      }
    },
    "../../packages/yamtam-core": {
      "version": "0.1.0",
      "extraneous": true,
      "license": "MIT",
      "engines": {
        "node": ">=18"
      }
    }
  }
}
